
Microsoft Visual Studio Solution File, Format Version 12.00
# Visual Studio Version 17
VisualStudioVersion = 17.5.33516.290
MinimumVisualStudioVersion = 10.0.40219.1
Project("{8BC9CEB8-8B4A-11D0-8D11-00A0C91BC942}") = "SingletonMeyerPimpl", "SingletonMeyerPimpl\SingletonMeyerPimpl.vcxproj", "{AEA09990-4B21-4BDF-AAF0-D3B24BB84708}"
EndProject
Global
	GlobalSection(SolutionConfigurationPlatforms) = preSolution
		Debug|x64 = Debug|x64
		Debug|x86 = Debug|x86
		Release|x64 = Release|x64
		Release|x86 = Release|x86
	EndGlobalSection
	GlobalSection(ProjectConfigurationPlatforms) = postSolution
		{AEA09990-4B21-4BDF-AAF0-D3B24BB84708}.Debug|x64.ActiveCfg = Debug|x64
		{AEA09990-4B21-4BDF-AAF0-D3B24BB84708}.Debug|x64.Build.0 = Debug|x64
		{AEA09990-4B21-4BDF-AAF0-D3B24BB84708}.Debug|x86.ActiveCfg = Debug|Win32
		{AEA09990-4B21-4BDF-AAF0-D3B24BB84708}.Debug|x86.Build.0 = Debug|Win32
		{AEA09990-4B21-4BDF-AAF0-D3B24BB84708}.Release|x64.ActiveCfg = Release|x64
		{AEA09990-4B21-4BDF-AAF0-D3B24BB84708}.Release|x64.Build.0 = Release|x64
		{AEA09990-4B21-4BDF-AAF0-D3B24BB84708}.Release|x86.ActiveCfg = Release|Win32
		{AEA09990-4B21-4BDF-AAF0-D3B24BB84708}.Release|x86.Build.0 = Release|Win32
	EndGlobalSection
	GlobalSection(SolutionProperties) = preSolution
		HideSolutionNode = FALSE
	EndGlobalSection
	GlobalSection(ExtensibilityGlobals) = postSolution
		SolutionGuid = {0D22BFA7-28B6-40EE-898A-5C6F614C4CA2}
	EndGlobalSection
EndGlobal
