
Microsoft Visual Studio Solution File, Format Version 12.00
# Visual Studio Version 17
VisualStudioVersion = 17.3.32825.248
MinimumVisualStudioVersion = 10.0.40219.1
Project("{8BC9CEB8-8B4A-11D0-8D11-00A0C91BC942}") = "ExcepcionesEnClases", "ExcepcionesEnClases\ExcepcionesEnClases.vcxproj", "{F7F6D45F-1FA6-45EB-9FF5-8C305AF8697D}"
EndProject
Global
	GlobalSection(SolutionConfigurationPlatforms) = preSolution
		Debug|x64 = Debug|x64
		Debug|x86 = Debug|x86
		Release|x64 = Release|x64
		Release|x86 = Release|x86
	EndGlobalSection
	GlobalSection(ProjectConfigurationPlatforms) = postSolution
		{F7F6D45F-1FA6-45EB-9FF5-8C305AF8697D}.Debug|x64.ActiveCfg = Debug|x64
		{F7F6D45F-1FA6-45EB-9FF5-8C305AF8697D}.Debug|x64.Build.0 = Debug|x64
		{F7F6D45F-1FA6-45EB-9FF5-8C305AF8697D}.Debug|x86.ActiveCfg = Debug|Win32
		{F7F6D45F-1FA6-45EB-9FF5-8C305AF8697D}.Debug|x86.Build.0 = Debug|Win32
		{F7F6D45F-1FA6-45EB-9FF5-8C305AF8697D}.Release|x64.ActiveCfg = Release|x64
		{F7F6D45F-1FA6-45EB-9FF5-8C305AF8697D}.Release|x64.Build.0 = Release|x64
		{F7F6D45F-1FA6-45EB-9FF5-8C305AF8697D}.Release|x86.ActiveCfg = Release|Win32
		{F7F6D45F-1FA6-45EB-9FF5-8C305AF8697D}.Release|x86.Build.0 = Release|Win32
	EndGlobalSection
	GlobalSection(SolutionProperties) = preSolution
		HideSolutionNode = FALSE
	EndGlobalSection
	GlobalSection(ExtensibilityGlobals) = postSolution
		SolutionGuid = {D9D63AD5-681F-4B0F-9767-1B25F4009C1E}
	EndGlobalSection
EndGlobal
