
Microsoft Visual Studio Solution File, Format Version 12.00
# Visual Studio Version 17
VisualStudioVersion = 17.3.32825.248
MinimumVisualStudioVersion = 10.0.40219.1
Project("{8BC9CEB8-8B4A-11D0-8D11-00A0C91BC942}") = "ClasesException", "ClasesException\ClasesException.vcxproj", "{E8E521C4-3408-4AC5-9F8A-68C69615CADD}"
EndProject
Global
	GlobalSection(SolutionConfigurationPlatforms) = preSolution
		Debug|x64 = Debug|x64
		Debug|x86 = Debug|x86
		Release|x64 = Release|x64
		Release|x86 = Release|x86
	EndGlobalSection
	GlobalSection(ProjectConfigurationPlatforms) = postSolution
		{E8E521C4-3408-4AC5-9F8A-68C69615CADD}.Debug|x64.ActiveCfg = Debug|x64
		{E8E521C4-3408-4AC5-9F8A-68C69615CADD}.Debug|x64.Build.0 = Debug|x64
		{E8E521C4-3408-4AC5-9F8A-68C69615CADD}.Debug|x86.ActiveCfg = Debug|Win32
		{E8E521C4-3408-4AC5-9F8A-68C69615CADD}.Debug|x86.Build.0 = Debug|Win32
		{E8E521C4-3408-4AC5-9F8A-68C69615CADD}.Release|x64.ActiveCfg = Release|x64
		{E8E521C4-3408-4AC5-9F8A-68C69615CADD}.Release|x64.Build.0 = Release|x64
		{E8E521C4-3408-4AC5-9F8A-68C69615CADD}.Release|x86.ActiveCfg = Release|Win32
		{E8E521C4-3408-4AC5-9F8A-68C69615CADD}.Release|x86.Build.0 = Release|Win32
	EndGlobalSection
	GlobalSection(SolutionProperties) = preSolution
		HideSolutionNode = FALSE
	EndGlobalSection
	GlobalSection(ExtensibilityGlobals) = postSolution
		SolutionGuid = {263890F3-A621-4721-92B9-8838E36D2616}
	EndGlobalSection
EndGlobal
