
Microsoft Visual Studio Solution File, Format Version 12.00
# Visual Studio Version 17
VisualStudioVersion = 17.3.32929.385
MinimumVisualStudioVersion = 10.0.40219.1
Project("{8BC9CEB8-8B4A-11D0-8D11-00A0C91BC942}") = "STLContenedores", "STLContenedores\STLContenedores.vcxproj", "{84B0715D-D7AE-4D54-8C0A-0D8A42D93297}"
EndProject
Global
	GlobalSection(SolutionConfigurationPlatforms) = preSolution
		Debug|x64 = Debug|x64
		Debug|x86 = Debug|x86
		Release|x64 = Release|x64
		Release|x86 = Release|x86
	EndGlobalSection
	GlobalSection(ProjectConfigurationPlatforms) = postSolution
		{84B0715D-D7AE-4D54-8C0A-0D8A42D93297}.Debug|x64.ActiveCfg = Debug|x64
		{84B0715D-D7AE-4D54-8C0A-0D8A42D93297}.Debug|x64.Build.0 = Debug|x64
		{84B0715D-D7AE-4D54-8C0A-0D8A42D93297}.Debug|x86.ActiveCfg = Debug|Win32
		{84B0715D-D7AE-4D54-8C0A-0D8A42D93297}.Debug|x86.Build.0 = Debug|Win32
		{84B0715D-D7AE-4D54-8C0A-0D8A42D93297}.Release|x64.ActiveCfg = Release|x64
		{84B0715D-D7AE-4D54-8C0A-0D8A42D93297}.Release|x64.Build.0 = Release|x64
		{84B0715D-D7AE-4D54-8C0A-0D8A42D93297}.Release|x86.ActiveCfg = Release|Win32
		{84B0715D-D7AE-4D54-8C0A-0D8A42D93297}.Release|x86.Build.0 = Release|Win32
	EndGlobalSection
	GlobalSection(SolutionProperties) = preSolution
		HideSolutionNode = FALSE
	EndGlobalSection
	GlobalSection(ExtensibilityGlobals) = postSolution
		SolutionGuid = {67A15389-E5B7-4BC0-98E8-24AFD488EDC4}
	EndGlobalSection
EndGlobal
