
Microsoft Visual Studio Solution File, Format Version 12.00
# Visual Studio Version 17
VisualStudioVersion = 17.2.32526.322
MinimumVisualStudioVersion = 10.0.40219.1
Project("{8BC9CEB8-8B4A-11D0-8D11-00A0C91BC942}") = "SobrecargaParentesis", "SobrecargaParentesis\SobrecargaParentesis.vcxproj", "{E503D22B-006D-4ED5-B7FD-D83B08B1C1C5}"
EndProject
Global
	GlobalSection(SolutionConfigurationPlatforms) = preSolution
		Debug|x64 = Debug|x64
		Debug|x86 = Debug|x86
		Release|x64 = Release|x64
		Release|x86 = Release|x86
	EndGlobalSection
	GlobalSection(ProjectConfigurationPlatforms) = postSolution
		{E503D22B-006D-4ED5-B7FD-D83B08B1C1C5}.Debug|x64.ActiveCfg = Debug|x64
		{E503D22B-006D-4ED5-B7FD-D83B08B1C1C5}.Debug|x64.Build.0 = Debug|x64
		{E503D22B-006D-4ED5-B7FD-D83B08B1C1C5}.Debug|x86.ActiveCfg = Debug|Win32
		{E503D22B-006D-4ED5-B7FD-D83B08B1C1C5}.Debug|x86.Build.0 = Debug|Win32
		{E503D22B-006D-4ED5-B7FD-D83B08B1C1C5}.Release|x64.ActiveCfg = Release|x64
		{E503D22B-006D-4ED5-B7FD-D83B08B1C1C5}.Release|x64.Build.0 = Release|x64
		{E503D22B-006D-4ED5-B7FD-D83B08B1C1C5}.Release|x86.ActiveCfg = Release|Win32
		{E503D22B-006D-4ED5-B7FD-D83B08B1C1C5}.Release|x86.Build.0 = Release|Win32
	EndGlobalSection
	GlobalSection(SolutionProperties) = preSolution
		HideSolutionNode = FALSE
	EndGlobalSection
	GlobalSection(ExtensibilityGlobals) = postSolution
		SolutionGuid = {FC48A2A3-08ED-45F3-B370-953094F12941}
	EndGlobalSection
EndGlobal
