
Microsoft Visual Studio Solution File, Format Version 12.00
# Visual Studio Version 17
VisualStudioVersion = 17.2.32526.322
MinimumVisualStudioVersion = 10.0.40219.1
Project("{8BC9CEB8-8B4A-11D0-8D11-00A0C91BC942}") = "OperadoresUnarios", "OperadoresUnarios\OperadoresUnarios.vcxproj", "{667D3968-63F8-4224-8DC9-BFD90E8C2B8B}"
EndProject
Global
	GlobalSection(SolutionConfigurationPlatforms) = preSolution
		Debug|x64 = Debug|x64
		Debug|x86 = Debug|x86
		Release|x64 = Release|x64
		Release|x86 = Release|x86
	EndGlobalSection
	GlobalSection(ProjectConfigurationPlatforms) = postSolution
		{667D3968-63F8-4224-8DC9-BFD90E8C2B8B}.Debug|x64.ActiveCfg = Debug|x64
		{667D3968-63F8-4224-8DC9-BFD90E8C2B8B}.Debug|x64.Build.0 = Debug|x64
		{667D3968-63F8-4224-8DC9-BFD90E8C2B8B}.Debug|x86.ActiveCfg = Debug|Win32
		{667D3968-63F8-4224-8DC9-BFD90E8C2B8B}.Debug|x86.Build.0 = Debug|Win32
		{667D3968-63F8-4224-8DC9-BFD90E8C2B8B}.Release|x64.ActiveCfg = Release|x64
		{667D3968-63F8-4224-8DC9-BFD90E8C2B8B}.Release|x64.Build.0 = Release|x64
		{667D3968-63F8-4224-8DC9-BFD90E8C2B8B}.Release|x86.ActiveCfg = Release|Win32
		{667D3968-63F8-4224-8DC9-BFD90E8C2B8B}.Release|x86.Build.0 = Release|Win32
	EndGlobalSection
	GlobalSection(SolutionProperties) = preSolution
		HideSolutionNode = FALSE
	EndGlobalSection
	GlobalSection(ExtensibilityGlobals) = postSolution
		SolutionGuid = {F3CC520C-6FF8-4884-BDDD-F2C60442B9F4}
	EndGlobalSection
EndGlobal
