
Microsoft Visual Studio Solution File, Format Version 12.00
# Visual Studio Version 17
VisualStudioVersion = 17.3.32922.545
MinimumVisualStudioVersion = 10.0.40219.1
Project("{8BC9CEB8-8B4A-11D0-8D11-00A0C91BC942}") = "stdUniquePtr", "stdUniquePtr\stdUniquePtr.vcxproj", "{CD6F6C40-627C-4BBD-8E2B-580AD2B8B076}"
EndProject
Global
	GlobalSection(SolutionConfigurationPlatforms) = preSolution
		Debug|x64 = Debug|x64
		Debug|x86 = Debug|x86
		Release|x64 = Release|x64
		Release|x86 = Release|x86
	EndGlobalSection
	GlobalSection(ProjectConfigurationPlatforms) = postSolution
		{CD6F6C40-627C-4BBD-8E2B-580AD2B8B076}.Debug|x64.ActiveCfg = Debug|x64
		{CD6F6C40-627C-4BBD-8E2B-580AD2B8B076}.Debug|x64.Build.0 = Debug|x64
		{CD6F6C40-627C-4BBD-8E2B-580AD2B8B076}.Debug|x86.ActiveCfg = Debug|Win32
		{CD6F6C40-627C-4BBD-8E2B-580AD2B8B076}.Debug|x86.Build.0 = Debug|Win32
		{CD6F6C40-627C-4BBD-8E2B-580AD2B8B076}.Release|x64.ActiveCfg = Release|x64
		{CD6F6C40-627C-4BBD-8E2B-580AD2B8B076}.Release|x64.Build.0 = Release|x64
		{CD6F6C40-627C-4BBD-8E2B-580AD2B8B076}.Release|x86.ActiveCfg = Release|Win32
		{CD6F6C40-627C-4BBD-8E2B-580AD2B8B076}.Release|x86.Build.0 = Release|Win32
	EndGlobalSection
	GlobalSection(SolutionProperties) = preSolution
		HideSolutionNode = FALSE
	EndGlobalSection
	GlobalSection(ExtensibilityGlobals) = postSolution
		SolutionGuid = {CCE755B9-758F-44E8-9FC7-C9C7CC36B58E}
	EndGlobalSection
EndGlobal
