
Microsoft Visual Studio Solution File, Format Version 12.00
# Visual Studio Version 17
VisualStudioVersion = 17.4.33213.308
MinimumVisualStudioVersion = 10.0.40219.1
Project("{8BC9CEB8-8B4A-11D0-8D11-00A0C91BC942}") = "Transitividad", "Transitividad\Transitividad.vcxproj", "{C04D5E22-8309-40E6-BE59-46C07D262AE5}"
EndProject
Global
	GlobalSection(SolutionConfigurationPlatforms) = preSolution
		Debug|x64 = Debug|x64
		Debug|x86 = Debug|x86
		Release|x64 = Release|x64
		Release|x86 = Release|x86
	EndGlobalSection
	GlobalSection(ProjectConfigurationPlatforms) = postSolution
		{C04D5E22-8309-40E6-BE59-46C07D262AE5}.Debug|x64.ActiveCfg = Debug|x64
		{C04D5E22-8309-40E6-BE59-46C07D262AE5}.Debug|x64.Build.0 = Debug|x64
		{C04D5E22-8309-40E6-BE59-46C07D262AE5}.Debug|x86.ActiveCfg = Debug|Win32
		{C04D5E22-8309-40E6-BE59-46C07D262AE5}.Debug|x86.Build.0 = Debug|Win32
		{C04D5E22-8309-40E6-BE59-46C07D262AE5}.Release|x64.ActiveCfg = Release|x64
		{C04D5E22-8309-40E6-BE59-46C07D262AE5}.Release|x64.Build.0 = Release|x64
		{C04D5E22-8309-40E6-BE59-46C07D262AE5}.Release|x86.ActiveCfg = Release|Win32
		{C04D5E22-8309-40E6-BE59-46C07D262AE5}.Release|x86.Build.0 = Release|Win32
	EndGlobalSection
	GlobalSection(SolutionProperties) = preSolution
		HideSolutionNode = FALSE
	EndGlobalSection
	GlobalSection(ExtensibilityGlobals) = postSolution
		SolutionGuid = {5FE036D4-ED3E-45C5-BE4A-C37243AA5EF8}
	EndGlobalSection
EndGlobal
